<?xml version="1.0" encoding="utf-8"?>
<Project ToolsVersion="4.0" xmlns="http://schemas.microsoft.com/developer/msbuild/2003">
  <ItemGroup>
    <Filter Include="Source Files">
      <UniqueIdentifier>{4FC737F1-C7A5-4376-A066-2A32D752A2FF}</UniqueIdentifier>
      <Extensions>cpp;c;cc;cxx;def;odl;idl;hpj;bat;asm;asmx</Extensions>
    </Filter>
    <Filter Include="Header Files">
      <UniqueIdentifier>{93995380-89BD-4b04-88EB-625FBE52EBFB}</UniqueIdentifier>
      <Extensions>h;hh;hpp;hxx;hm;inl;inc;xsd</Extensions>
    </Filter>
    <Filter Include="Resource Files">
      <UniqueIdentifier>{67DA6AB6-F800-4c08-8B7A-83BB121AAD01}</UniqueIdentifier>
      <Extensions>rc;ico;cur;bmp;dlg;rc2;rct;bin;rgs;gif;jpg;jpeg;jpe;resx;tiff;tif;png;wav;mfcribbon-ms</Extensions>
    </Filter>
    <Filter Include="Header Files\BaseClasses">
      <UniqueIdentifier>{4c8d5fee-448b-4515-85a6-8935f6bd4951}</UniqueIdentifier>
    </Filter>
    <Filter Include="Source Files\BaseClasses">
      <UniqueIdentifier>{370166db-26f5-4cf0-bbce-d71d1bfbcb9f}</UniqueIdentifier>
    </Filter>
    <Filter Include="Header Files\Cards">
      <UniqueIdentifier>{75f796c0-81f5-458f-9365-540481c1d1b0}</UniqueIdentifier>
    </Filter>
    <Filter Include="Header Files\Cards\Dark">
      <UniqueIdentifier>{efd28ba5-85d7-4ef0-92ee-79d7a7d267f4}</UniqueIdentifier>
    </Filter>
    <Filter Include="Header Files\Cards\Earth">
      <UniqueIdentifier>{2693c96c-fdbb-4373-b552-fb55bdb7bbe3}</UniqueIdentifier>
    </Filter>
    <Filter Include="Header Files\Cards\Fire">
      <UniqueIdentifier>{326793e9-0f9d-4658-bf0a-ef8d4809762d}</UniqueIdentifier>
    </Filter>
    <Filter Include="Header Files\Cards\Water">
      <UniqueIdentifier>{b2f724f1-222f-43e2-98b2-8eb02030a96e}</UniqueIdentifier>
    </Filter>
    <Filter Include="Header Files\Cards\Light">
      <UniqueIdentifier>{91d3ea89-4d36-4928-8bce-548dfde69bc0}</UniqueIdentifier>
    </Filter>
    <Filter Include="Header Files\Cards\Wind">
      <UniqueIdentifier>{a770c3cc-6d1d-450b-9852-0480aef1c30f}</UniqueIdentifier>
    </Filter>
    <Filter Include="Header Files\Cards\Dark\Constants">
      <UniqueIdentifier>{e860e7e6-2e3f-4ab6-b4ee-3c047ac73575}</UniqueIdentifier>
    </Filter>
    <Filter Include="Header Files\Cards\Dark\Souls">
      <UniqueIdentifier>{15a082e6-ca9f-49c0-a05f-d0d0db8a6abf}</UniqueIdentifier>
    </Filter>
    <Filter Include="Header Files\Cards\Dark\Swifts">
      <UniqueIdentifier>{09540e66-c040-4474-9490-fafea01cfe23}</UniqueIdentifier>
    </Filter>
    <Filter Include="Header Files\Cards\Earth\Constants">
      <UniqueIdentifier>{b49de107-8a26-4da3-a1b0-2c2d5f55d28b}</UniqueIdentifier>
    </Filter>
    <Filter Include="Header Files\Cards\Earth\Souls">
      <UniqueIdentifier>{38fed4c0-b73b-42f1-902a-fb27254ec834}</UniqueIdentifier>
    </Filter>
    <Filter Include="Header Files\Cards\Earth\Swifts">
      <UniqueIdentifier>{a7489aac-033e-41c8-a5ff-545ab90a1666}</UniqueIdentifier>
    </Filter>
    <Filter Include="Header Files\Cards\Fire\Constants">
      <UniqueIdentifier>{7c68e8e9-26ee-46a1-983f-529f21f0c960}</UniqueIdentifier>
    </Filter>
    <Filter Include="Header Files\Cards\Fire\Souls">
      <UniqueIdentifier>{8737fd30-3825-46aa-988c-73e4af7c3765}</UniqueIdentifier>
    </Filter>
    <Filter Include="Header Files\Cards\Fire\Swifts">
      <UniqueIdentifier>{918f51b4-6abb-42a9-8c5d-0a154932ee8b}</UniqueIdentifier>
    </Filter>
    <Filter Include="Header Files\Cards\Light\Constants">
      <UniqueIdentifier>{391aba6f-f75e-4150-ac46-410935ceddd8}</UniqueIdentifier>
    </Filter>
    <Filter Include="Header Files\Cards\Light\Souls">
      <UniqueIdentifier>{d5a3afac-733c-4b85-8b8b-a16bdc023bf5}</UniqueIdentifier>
    </Filter>
    <Filter Include="Header Files\Cards\Light\Swifts">
      <UniqueIdentifier>{8396885f-10f5-46b5-9049-241d3f0693d5}</UniqueIdentifier>
    </Filter>
    <Filter Include="Header Files\Cards\Wind\Swifts">
      <UniqueIdentifier>{eb8a644f-0ad6-4412-98f9-e3cae179e8bb}</UniqueIdentifier>
    </Filter>
    <Filter Include="Header Files\Cards\Wind\Constants">
      <UniqueIdentifier>{886906b1-8d55-44b2-a6e4-9ebd2a4d0a22}</UniqueIdentifier>
    </Filter>
    <Filter Include="Header Files\Cards\Wind\Souls">
      <UniqueIdentifier>{a5c81226-812b-4b0b-98b8-f1a80115aa2b}</UniqueIdentifier>
    </Filter>
    <Filter Include="Header Files\Cards\Water\Constants">
      <UniqueIdentifier>{a59a7220-abb0-4143-9d30-5e381e5aafad}</UniqueIdentifier>
    </Filter>
    <Filter Include="Header Files\Cards\Water\Souls">
      <UniqueIdentifier>{89ca1071-77aa-42e7-8bc4-2072cf9a677a}</UniqueIdentifier>
    </Filter>
    <Filter Include="Header Files\Cards\Water\Swifts">
      <UniqueIdentifier>{f6f5f759-e397-452e-a0ab-bf6a29407154}</UniqueIdentifier>
    </Filter>
    <Filter Include="Source Files\Cards">
      <UniqueIdentifier>{19a5b894-07a9-4e9e-98fb-44f57df297aa}</UniqueIdentifier>
    </Filter>
    <Filter Include="Source Files\Cards\Earth">
      <UniqueIdentifier>{684df3e4-4082-45c9-861d-cf46f31a3829}</UniqueIdentifier>
    </Filter>
    <Filter Include="Source Files\Cards\Dark">
      <UniqueIdentifier>{a5083dec-9abf-4f5b-9c32-b1e3a22930ef}</UniqueIdentifier>
    </Filter>
    <Filter Include="Source Files\Cards\Fire">
      <UniqueIdentifier>{02a4b6d8-14ce-493d-89d4-1ab474d85c9c}</UniqueIdentifier>
    </Filter>
    <Filter Include="Source Files\Cards\Light">
      <UniqueIdentifier>{2657c166-b327-4c76-9b9c-a9fb167cfb2b}</UniqueIdentifier>
    </Filter>
    <Filter Include="Source Files\Cards\Wind">
      <UniqueIdentifier>{278d93bf-52ae-48ce-844f-2dbfccba0240}</UniqueIdentifier>
    </Filter>
    <Filter Include="Source Files\Cards\Water">
      <UniqueIdentifier>{a98ea686-1518-490a-a86e-318628ffe03e}</UniqueIdentifier>
    </Filter>
    <Filter Include="Source Files\Cards\Earth\Souls">
      <UniqueIdentifier>{edbc1f3f-2055-4978-a875-e84fbd6221ab}</UniqueIdentifier>
    </Filter>
    <Filter Include="Source Files\Cards\Earth\Swifts">
      <UniqueIdentifier>{8923d202-d77a-407a-95bc-6c9a62b03196}</UniqueIdentifier>
    </Filter>
    <Filter Include="Source Files\Cards\Earth\Constants">
      <UniqueIdentifier>{883555f9-eec0-421e-a682-312455168ceb}</UniqueIdentifier>
    </Filter>
    <Filter Include="Source Files\Cards\Dark\Souls">
      <UniqueIdentifier>{b1d5612d-641e-4f10-a52c-43404dcd7497}</UniqueIdentifier>
    </Filter>
    <Filter Include="Source Files\Cards\Dark\Swifts">
      <UniqueIdentifier>{1ca58153-f097-498a-9b24-70cb7a3fe239}</UniqueIdentifier>
    </Filter>
    <Filter Include="Source Files\Cards\Dark\Constants">
      <UniqueIdentifier>{ddf4824a-5887-4a11-9e72-4a7948209534}</UniqueIdentifier>
    </Filter>
    <Filter Include="Source Files\Cards\Fire\Swifts">
      <UniqueIdentifier>{eb16f86a-d32c-49ad-96bd-3077e456f24e}</UniqueIdentifier>
    </Filter>
    <Filter Include="Source Files\Cards\Fire\Souls">
      <UniqueIdentifier>{7f976bb2-8897-4b26-9989-16f318692b14}</UniqueIdentifier>
    </Filter>
    <Filter Include="Source Files\Cards\Fire\Constants">
      <UniqueIdentifier>{bb72485e-0b5d-4609-aa70-6a1e1a8037e1}</UniqueIdentifier>
    </Filter>
    <Filter Include="Source Files\Cards\Light\Souls">
      <UniqueIdentifier>{99cca9ae-100b-4562-a236-857e4b5b5795}</UniqueIdentifier>
    </Filter>
    <Filter Include="Source Files\Cards\Light\Swifts">
      <UniqueIdentifier>{a405d24e-f81e-4c4d-b69f-6634581d2cf6}</UniqueIdentifier>
    </Filter>
    <Filter Include="Source Files\Cards\Light\Constants">
      <UniqueIdentifier>{5e189998-97ef-4143-878d-6c0a70797c13}</UniqueIdentifier>
    </Filter>
    <Filter Include="Source Files\Cards\Water\Souls">
      <UniqueIdentifier>{0ca693d5-ed5a-4b59-b982-8de7486d7cf5}</UniqueIdentifier>
    </Filter>
    <Filter Include="Source Files\Cards\Water\Swifts">
      <UniqueIdentifier>{e8c2d736-dfb2-4bb8-801e-fa46d8fa572d}</UniqueIdentifier>
    </Filter>
    <Filter Include="Source Files\Cards\Water\Constants">
      <UniqueIdentifier>{322cc8cb-1245-47bb-9d71-3b879e1d47a7}</UniqueIdentifier>
    </Filter>
    <Filter Include="Source Files\Cards\Wind\Constants">
      <UniqueIdentifier>{7110e2bb-35f4-4bcd-b523-2c37aa7144f1}</UniqueIdentifier>
    </Filter>
    <Filter Include="Source Files\Cards\Wind\Swifts">
      <UniqueIdentifier>{fa60cc9f-7746-4b5d-b810-175b123c3a9e}</UniqueIdentifier>
    </Filter>
    <Filter Include="Source Files\Cards\Wind\Souls">
      <UniqueIdentifier>{e997eab8-7c51-48a5-b4bc-e16ac6d0c6d0}</UniqueIdentifier>
    </Filter>
  </ItemGroup>
  <ItemGroup>
    <ClCompile Include="WhispererServer.cpp">
      <Filter>Source Files</Filter>
    </ClCompile>
    <ClCompile Include="Source\Cards\Fire\Souls\Fire_Spirit.cpp">
      <Filter>Source Files\Cards\Fire\Souls</Filter>
    </ClCompile>
    <ClCompile Include="Source\Cards\Fire\Souls\Hellhound.cpp">
      <Filter>Source Files\Cards\Fire\Souls</Filter>
    </ClCompile>
    <ClCompile Include="Source\Cards\Fire\Souls\Hellspark_Mutt.cpp">
      <Filter>Source Files\Cards\Fire\Souls</Filter>
    </ClCompile>
    <ClCompile Include="Source\Cards\Fire\Souls\Pyromaniac.cpp">
      <Filter>Source Files\Cards\Fire\Souls</Filter>
    </ClCompile>
    <ClCompile Include="Source\Cards\Fire\Souls\Pyrophile.cpp">
      <Filter>Source Files\Cards\Fire\Souls</Filter>
    </ClCompile>
    <ClCompile Include="stdafx.cpp">
      <Filter>Source Files</Filter>
    </ClCompile>
    <ClCompile Include="Source\BaseClasses\Player.cpp">
      <Filter>Source Files\BaseClasses</Filter>
    </ClCompile>
    <ClCompile Include="Source\BaseClasses\Soul.cpp">
      <Filter>Source Files\BaseClasses</Filter>
    </ClCompile>
    <ClCompile Include="Source\BaseClasses\Card.cpp">
      <Filter>Source Files\BaseClasses</Filter>
    </ClCompile>
    <ClCompile Include="Source\BaseClasses\GameState.cpp">
      <Filter>Source Files\BaseClasses</Filter>
    </ClCompile>
    <ClCompile Include="Source\BaseClasses\Action.cpp">
      <Filter>Source Files\BaseClasses</Filter>
    </ClCompile>
    <ClCompile Include="Source\BaseClasses\Affect.cpp">
      <Filter>Source Files\BaseClasses</Filter>
    </ClCompile>
    <ClCompile Include="Source\BaseClasses\CardUtility.cpp">
      <Filter>Source Files\BaseClasses</Filter>
    </ClCompile>
    <ClCompile Include="Source\Cards\Fire\Swifts\Kindling.cpp">
      <Filter>Source Files\Cards\Fire\Swifts</Filter>
    </ClCompile>
    <ClCompile Include="Source\BaseClasses\Constant.cpp">
      <Filter>Source Files\BaseClasses</Filter>
    </ClCompile>
    <ClCompile Include="Source\Cards\Fire\Constants\Tavern_Hearth.cpp">
      <Filter>Source Files\Cards\Fire\Constants</Filter>
    </ClCompile>
    <ClCompile Include="Source\Cards\Fire\Souls\Spark_Mouse.cpp">
      <Filter>Source Files\Cards\Fire\Souls</Filter>
    </ClCompile>
    <ClCompile Include="Source\BaseClasses\Swift.cpp">
      <Filter>Source Files\BaseClasses</Filter>
    </ClCompile>
  </ItemGroup>
  <ItemGroup>
    <ClInclude Include="Headers\BaseClasses\Player.h">
      <Filter>Header Files\BaseClasses</Filter>
    </ClInclude>
    <ClInclude Include="Headers\BaseClasses\Soul.h">
      <Filter>Header Files\BaseClasses</Filter>
    </ClInclude>
    <ClInclude Include="Headers\BaseClasses\Card.h">
      <Filter>Header Files\BaseClasses</Filter>
    </ClInclude>
    <ClInclude Include="Headers\BaseClasses\GameState.h">
      <Filter>Header Files\BaseClasses</Filter>
    </ClInclude>
    <ClInclude Include="Headers\Cards\Fire\Souls\Pyrophile.h">
      <Filter>Header Files\Cards\Fire\Souls</Filter>
    </ClInclude>
    <ClInclude Include="Headers\Cards\Fire\Souls\Fire_Spirit.h">
      <Filter>Header Files\Cards\Fire\Souls</Filter>
    </ClInclude>
    <ClInclude Include="Headers\Cards\Fire\Souls\Hellhound.h">
      <Filter>Header Files\Cards\Fire\Souls</Filter>
    </ClInclude>
    <ClInclude Include="Headers\Cards\Fire\Souls\Hellspark_Mutt.h">
      <Filter>Header Files\Cards\Fire\Souls</Filter>
    </ClInclude>
    <ClInclude Include="Headers\Cards\Fire\Souls\Pyromaniac.h">
      <Filter>Header Files\Cards\Fire\Souls</Filter>
    </ClInclude>
    <ClInclude Include="Headers\Cards\Dark\Dark_Souls.h">
      <Filter>Header Files\Cards\Dark</Filter>
    </ClInclude>
    <ClInclude Include="Headers\Cards\Dark\Dark_Swifts.h">
      <Filter>Header Files\Cards\Dark</Filter>
    </ClInclude>
    <ClInclude Include="Headers\Cards\Dark\Dark_Constants.h">
      <Filter>Header Files\Cards\Dark</Filter>
    </ClInclude>
    <ClInclude Include="Headers\Cards\Earth\Earth_Constants.h">
      <Filter>Header Files\Cards\Earth</Filter>
    </ClInclude>
    <ClInclude Include="Headers\Cards\Earth\Earth_Souls.h">
      <Filter>Header Files\Cards\Earth</Filter>
    </ClInclude>
    <ClInclude Include="Headers\Cards\Earth\Earth_Swifts.h">
      <Filter>Header Files\Cards\Earth</Filter>
    </ClInclude>
    <ClInclude Include="Headers\Cards\Fire\Fire_Constants.h">
      <Filter>Header Files\Cards\Fire</Filter>
    </ClInclude>
    <ClInclude Include="Headers\Cards\Fire\Fire_Souls.h">
      <Filter>Header Files\Cards\Fire</Filter>
    </ClInclude>
    <ClInclude Include="Headers\Cards\Fire\Fire_Swifts.h">
      <Filter>Header Files\Cards\Fire</Filter>
    </ClInclude>
    <ClInclude Include="Headers\Cards\Light\Light_Constants.h">
      <Filter>Header Files\Cards\Light</Filter>
    </ClInclude>
    <ClInclude Include="Headers\Cards\Light\Light_Souls.h">
      <Filter>Header Files\Cards\Light</Filter>
    </ClInclude>
    <ClInclude Include="Headers\Cards\Light\Light_Swifts.h">
      <Filter>Header Files\Cards\Light</Filter>
    </ClInclude>
    <ClInclude Include="Headers\Cards\Water\Water_Constants.h">
      <Filter>Header Files\Cards\Water</Filter>
    </ClInclude>
    <ClInclude Include="Headers\Cards\Water\Water_Souls.h">
      <Filter>Header Files\Cards\Water</Filter>
    </ClInclude>
    <ClInclude Include="Headers\Cards\Water\Water_Swifts.h">
      <Filter>Header Files\Cards\Water</Filter>
    </ClInclude>
    <ClInclude Include="Headers\Cards\Wind\Wind_Constants.h">
      <Filter>Header Files\Cards\Wind</Filter>
    </ClInclude>
    <ClInclude Include="Headers\Cards\Wind\Wind_Souls.h">
      <Filter>Header Files\Cards\Wind</Filter>
    </ClInclude>
    <ClInclude Include="Headers\Cards\Wind\Wind_Swifts.h">
      <Filter>Header Files\Cards\Wind</Filter>
    </ClInclude>
    <ClInclude Include="Headers\BaseClasses.h">
      <Filter>Header Files</Filter>
    </ClInclude>
    <ClInclude Include="Headers\Cards.h">
      <Filter>Header Files</Filter>
    </ClInclude>
    <ClInclude Include="stdafx.h">
      <Filter>Header Files</Filter>
    </ClInclude>
    <ClInclude Include="targetver.h">
      <Filter>Header Files</Filter>
    </ClInclude>
    <ClInclude Include="Headers\BaseClasses\Action.h">
      <Filter>Header Files\BaseClasses</Filter>
    </ClInclude>
    <ClInclude Include="Headers\BaseClasses\Affect.h">
      <Filter>Header Files\BaseClasses</Filter>
    </ClInclude>
    <ClInclude Include="Headers\Cards\Fire\Souls\Spark_Mouse.h">
      <Filter>Header Files\Cards\Fire\Souls</Filter>
    </ClInclude>
    <ClInclude Include="Headers\BaseClasses\CardUtility.h">
      <Filter>Header Files\BaseClasses</Filter>
    </ClInclude>
    <ClInclude Include="Headers\Cards\Fire\Swifts\Kindling.h">
      <Filter>Header Files\Cards\Fire\Swifts</Filter>
    </ClInclude>
    <ClInclude Include="Headers\BaseClasses\Constant.h">
      <Filter>Header Files\BaseClasses</Filter>
    </ClInclude>
    <ClInclude Include="Headers\Cards\Fire\Constants\Tavern_Hearth.h">
      <Filter>Header Files\Cards\Fire\Constants</Filter>
    </ClInclude>
    <ClInclude Include="Headers\BaseClasses\Swift.h">
      <Filter>Header Files\BaseClasses</Filter>
    </ClInclude>
  </ItemGroup>
  <ItemGroup>
    <None Include="packages.config" />
  </ItemGroup>
</Project>